
Microsoft Visual Studio Solution File, Format Version 12.00
# Visual Studio Version 17
VisualStudioVersion = 17.2.32630.192
MinimumVisualStudioVersion = 10.0.40219.1
Project("{FAE04EC0-301F-11D3-BF4B-00C04F79EFBC}") = "Apf", "Apf\Apf.csproj", "{33316B01-9720-40A5-844B-59652CDE6AC0}"
EndProject
Project("{FAE04EC0-301F-11D3-BF4B-00C04F79EFBC}") = "Application", "Application\Application.msbuildproj", "{20CC9046-87FD-426B-91AA-5F6ADF1D19A8}"
EndProject
Global
	GlobalSection(SolutionConfigurationPlatforms) = preSolution
		Debug|Any CPU = Debug|Any CPU
		Release|Any CPU = Release|Any CPU
	EndGlobalSection
	GlobalSection(ProjectConfigurationPlatforms) = postSolution
		{33316B01-9720-40A5-844B-59652CDE6AC0}.Debug|Any CPU.ActiveCfg = Debug|Any CPU
		{33316B01-9720-40A5-844B-59652CDE6AC0}.Debug|Any CPU.Build.0 = Debug|Any CPU
		{33316B01-9720-40A5-844B-59652CDE6AC0}.Release|Any CPU.ActiveCfg = Release|Any CPU
		{33316B01-9720-40A5-844B-59652CDE6AC0}.Release|Any CPU.Build.0 = Release|Any CPU
		{20CC9046-87FD-426B-91AA-5F6ADF1D19A8}.Debug|Any CPU.ActiveCfg = Debug|Any CPU
		{20CC9046-87FD-426B-91AA-5F6ADF1D19A8}.Debug|Any CPU.Build.0 = Debug|Any CPU
		{20CC9046-87FD-426B-91AA-5F6ADF1D19A8}.Release|Any CPU.ActiveCfg = Release|Any CPU
		{20CC9046-87FD-426B-91AA-5F6ADF1D19A8}.Release|Any CPU.Build.0 = Release|Any CPU
	EndGlobalSection
	GlobalSection(SolutionProperties) = preSolution
		HideSolutionNode = FALSE
	EndGlobalSection
	GlobalSection(ExtensibilityGlobals) = postSolution
		SolutionGuid = {E93C905F-0DE7-40DF-A75B-6DA2B90C7ADB}
	EndGlobalSection
EndGlobal
