
Microsoft Visual Studio Solution File, Format Version 12.00
# Visual Studio Version 17
VisualStudioVersion = 17.2.32630.192
MinimumVisualStudioVersion = 10.0.40219.1
Project("{13B669BE-BB05-4DDF-9536-439F39A36129}") = "phplib", "phplib\phplib.msbuildproj", "{2547A058-BF4C-4BEE-B99C-2A81598A18CF}"
EndProject
Project("{9A19103F-16F7-4668-BE54-9A1E7A4F7556}") = "AvaloniaApplication", "AvaloniaApplication\AvaloniaApplication.csproj", "{4BB98990-2FCC-474C-B73D-3CCCD02A7F29}"
EndProject
Project("{FAE04EC0-301F-11D3-BF4B-00C04F79EFBC}") = "Apf", "Apf\Apf.csproj", "{33316B01-9720-40A5-844B-59652CDE6AC0}"
EndProject
Global
	GlobalSection(SolutionConfigurationPlatforms) = preSolution
		Debug|Any CPU = Debug|Any CPU
		Release|Any CPU = Release|Any CPU
	EndGlobalSection
	GlobalSection(ProjectConfigurationPlatforms) = postSolution
		{2547A058-BF4C-4BEE-B99C-2A81598A18CF}.Debug|Any CPU.ActiveCfg = Debug|Any CPU
		{2547A058-BF4C-4BEE-B99C-2A81598A18CF}.Debug|Any CPU.Build.0 = Debug|Any CPU
		{2547A058-BF4C-4BEE-B99C-2A81598A18CF}.Release|Any CPU.ActiveCfg = Release|Any CPU
		{2547A058-BF4C-4BEE-B99C-2A81598A18CF}.Release|Any CPU.Build.0 = Release|Any CPU
		{4BB98990-2FCC-474C-B73D-3CCCD02A7F29}.Debug|Any CPU.ActiveCfg = Debug|Any CPU
		{4BB98990-2FCC-474C-B73D-3CCCD02A7F29}.Debug|Any CPU.Build.0 = Debug|Any CPU
		{4BB98990-2FCC-474C-B73D-3CCCD02A7F29}.Release|Any CPU.ActiveCfg = Release|Any CPU
		{4BB98990-2FCC-474C-B73D-3CCCD02A7F29}.Release|Any CPU.Build.0 = Release|Any CPU
		{33316B01-9720-40A5-844B-59652CDE6AC0}.Debug|Any CPU.ActiveCfg = Debug|Any CPU
		{33316B01-9720-40A5-844B-59652CDE6AC0}.Debug|Any CPU.Build.0 = Debug|Any CPU
		{33316B01-9720-40A5-844B-59652CDE6AC0}.Release|Any CPU.ActiveCfg = Release|Any CPU
		{33316B01-9720-40A5-844B-59652CDE6AC0}.Release|Any CPU.Build.0 = Release|Any CPU
	EndGlobalSection
	GlobalSection(SolutionProperties) = preSolution
		HideSolutionNode = FALSE
	EndGlobalSection
	GlobalSection(ExtensibilityGlobals) = postSolution
		SolutionGuid = {E93C905F-0DE7-40DF-A75B-6DA2B90C7ADB}
	EndGlobalSection
EndGlobal
